
Microsoft Visual Studio Solution File, Format Version 12.00
# Visual Studio 15
VisualStudioVersion = 15.0.27703.2035
MinimumVisualStudioVersion = 10.0.40219.1
Project("{2150E333-8FDC-42A3-9474-1A3956D46DE8}") = "ApiFeature", "ApiFeature", "{86C713AE-5169-4EE3-B9E5-12B3E0779F8F}"
EndProject
Project("{2150E333-8FDC-42A3-9474-1A3956D46DE8}") = "ApiFoundation", "ApiFoundation", "{4BC15418-CC8E-46BD-BA00-5AB4AED9BAB2}"
EndProject
Project("{2150E333-8FDC-42A3-9474-1A3956D46DE8}") = "Account", "Account", "{A09DACCC-6A84-4B4C-BE37-35D0692363B2}"
EndProject
Project("{FAE04EC0-301F-11D3-BF4B-00C04F79EFBC}") = "Api.Foudation.Account", "Foundation\Account\Code\Api.Foudation.Account.csproj", "{61A579E4-BB39-4E87-8BF2-C030DDF322F2}"
	ProjectSection(ProjectDependencies) = postProject
		{8D9DD506-6EFC-4773-B21B-0D1D1B2A9686} = {8D9DD506-6EFC-4773-B21B-0D1D1B2A9686}
	EndProjectSection
EndProject
Project("{2150E333-8FDC-42A3-9474-1A3956D46DE8}") = "Account", "Account", "{1733A4DB-6707-4002-B6E7-E665365188ED}"
EndProject
Project("{2150E333-8FDC-42A3-9474-1A3956D46DE8}") = "Data", "Data", "{2543BB2C-8C1F-4608-A531-3339C181FB5E}"
EndProject
Project("{FAE04EC0-301F-11D3-BF4B-00C04F79EFBC}") = "Api.Foundation.Data", "Foundation\Data\Code\Api.Foundation.Data.csproj", "{3A63D39C-C8E0-47B2-AA8C-23F360E6ADA7}"
EndProject
Project("{FAE04EC0-301F-11D3-BF4B-00C04F79EFBC}") = "Api.Feature.Account", "Feature\Account\Code\Api.Feature.Account.csproj", "{8AE19ABE-AEE2-4CD8-BE08-66D3B0B0B93A}"
	ProjectSection(ProjectDependencies) = postProject
		{8D9DD506-6EFC-4773-B21B-0D1D1B2A9686} = {8D9DD506-6EFC-4773-B21B-0D1D1B2A9686}
	EndProjectSection
EndProject
Project("{2150E333-8FDC-42A3-9474-1A3956D46DE8}") = "Extension", "Extension", "{F72B7171-98F2-4AEE-B32D-007BE341908E}"
EndProject
Project("{FAE04EC0-301F-11D3-BF4B-00C04F79EFBC}") = "Api.Foundation.Extension", "Foundation\ApiExtension\Extension\Api.Foundation.Extension.csproj", "{8D9DD506-6EFC-4773-B21B-0D1D1B2A9686}"
EndProject
Project("{2150E333-8FDC-42A3-9474-1A3956D46DE8}") = "Product", "Product", "{FB601439-3FCB-4A33-8C7D-EE3426175458}"
EndProject
Global
	GlobalSection(SolutionConfigurationPlatforms) = preSolution
		Debug|Any CPU = Debug|Any CPU
		Release|Any CPU = Release|Any CPU
	EndGlobalSection
	GlobalSection(ProjectConfigurationPlatforms) = postSolution
		{61A579E4-BB39-4E87-8BF2-C030DDF322F2}.Debug|Any CPU.ActiveCfg = Debug|Any CPU
		{61A579E4-BB39-4E87-8BF2-C030DDF322F2}.Debug|Any CPU.Build.0 = Debug|Any CPU
		{61A579E4-BB39-4E87-8BF2-C030DDF322F2}.Release|Any CPU.ActiveCfg = Release|Any CPU
		{61A579E4-BB39-4E87-8BF2-C030DDF322F2}.Release|Any CPU.Build.0 = Release|Any CPU
		{3A63D39C-C8E0-47B2-AA8C-23F360E6ADA7}.Debug|Any CPU.ActiveCfg = Debug|Any CPU
		{3A63D39C-C8E0-47B2-AA8C-23F360E6ADA7}.Debug|Any CPU.Build.0 = Debug|Any CPU
		{3A63D39C-C8E0-47B2-AA8C-23F360E6ADA7}.Release|Any CPU.ActiveCfg = Release|Any CPU
		{3A63D39C-C8E0-47B2-AA8C-23F360E6ADA7}.Release|Any CPU.Build.0 = Release|Any CPU
		{8AE19ABE-AEE2-4CD8-BE08-66D3B0B0B93A}.Debug|Any CPU.ActiveCfg = Debug|Any CPU
		{8AE19ABE-AEE2-4CD8-BE08-66D3B0B0B93A}.Debug|Any CPU.Build.0 = Debug|Any CPU
		{8AE19ABE-AEE2-4CD8-BE08-66D3B0B0B93A}.Release|Any CPU.ActiveCfg = Release|Any CPU
		{8AE19ABE-AEE2-4CD8-BE08-66D3B0B0B93A}.Release|Any CPU.Build.0 = Release|Any CPU
		{8D9DD506-6EFC-4773-B21B-0D1D1B2A9686}.Debug|Any CPU.ActiveCfg = Debug|Any CPU
		{8D9DD506-6EFC-4773-B21B-0D1D1B2A9686}.Debug|Any CPU.Build.0 = Debug|Any CPU
		{8D9DD506-6EFC-4773-B21B-0D1D1B2A9686}.Release|Any CPU.ActiveCfg = Release|Any CPU
		{8D9DD506-6EFC-4773-B21B-0D1D1B2A9686}.Release|Any CPU.Build.0 = Release|Any CPU
	EndGlobalSection
	GlobalSection(SolutionProperties) = preSolution
		HideSolutionNode = FALSE
	EndGlobalSection
	GlobalSection(NestedProjects) = preSolution
		{A09DACCC-6A84-4B4C-BE37-35D0692363B2} = {4BC15418-CC8E-46BD-BA00-5AB4AED9BAB2}
		{61A579E4-BB39-4E87-8BF2-C030DDF322F2} = {A09DACCC-6A84-4B4C-BE37-35D0692363B2}
		{1733A4DB-6707-4002-B6E7-E665365188ED} = {86C713AE-5169-4EE3-B9E5-12B3E0779F8F}
		{2543BB2C-8C1F-4608-A531-3339C181FB5E} = {4BC15418-CC8E-46BD-BA00-5AB4AED9BAB2}
		{3A63D39C-C8E0-47B2-AA8C-23F360E6ADA7} = {2543BB2C-8C1F-4608-A531-3339C181FB5E}
		{8AE19ABE-AEE2-4CD8-BE08-66D3B0B0B93A} = {1733A4DB-6707-4002-B6E7-E665365188ED}
		{F72B7171-98F2-4AEE-B32D-007BE341908E} = {4BC15418-CC8E-46BD-BA00-5AB4AED9BAB2}
		{8D9DD506-6EFC-4773-B21B-0D1D1B2A9686} = {F72B7171-98F2-4AEE-B32D-007BE341908E}
		{FB601439-3FCB-4A33-8C7D-EE3426175458} = {4BC15418-CC8E-46BD-BA00-5AB4AED9BAB2}
	EndGlobalSection
	GlobalSection(ExtensibilityGlobals) = postSolution
		SolutionGuid = {C6497D12-1A65-4A2A-9066-726CFD3C17FA}
	EndGlobalSection
EndGlobal
